
Microsoft Visual Studio Solution File, Format Version 12.00
# Visual Studio Version 17
VisualStudioVersion = 17.14.37301.10
MinimumVisualStudioVersion = 10.0.40219.1
Project("{FAE04EC0-301F-11D3-BF4B-00C04F79EFBC}") = "TaskManager", "TaskManager\TaskManager.csproj", "{49D8C688-138F-46B1-96B8-CD4CDFC3AD9F}"
EndProject
Project("{FAE04EC0-301F-11D3-BF4B-00C04F79EFBC}") = "TaskManagerData", "TaskManagerData\TaskManagerData.csproj", "{AB0B45F4-20AA-4D35-ABE7-A16FE1744E58}"
EndProject
Project("{FAE04EC0-301F-11D3-BF4B-00C04F79EFBC}") = "TaskManagerDataTests", "TaskManagerDataTests\TaskManagerDataTests.csproj", "{BA003316-423A-46E3-BC7C-E18BA820C299}"
EndProject
Global
	GlobalSection(SolutionConfigurationPlatforms) = preSolution
		Debug|Any CPU = Debug|Any CPU
		Release|Any CPU = Release|Any CPU
	EndGlobalSection
	GlobalSection(ProjectConfigurationPlatforms) = postSolution
		{49D8C688-138F-46B1-96B8-CD4CDFC3AD9F}.Debug|Any CPU.ActiveCfg = Debug|Any CPU
		{49D8C688-138F-46B1-96B8-CD4CDFC3AD9F}.Debug|Any CPU.Build.0 = Debug|Any CPU
		{49D8C688-138F-46B1-96B8-CD4CDFC3AD9F}.Release|Any CPU.ActiveCfg = Release|Any CPU
		{49D8C688-138F-46B1-96B8-CD4CDFC3AD9F}.Release|Any CPU.Build.0 = Release|Any CPU
		{AB0B45F4-20AA-4D35-ABE7-A16FE1744E58}.Debug|Any CPU.ActiveCfg = Debug|Any CPU
		{AB0B45F4-20AA-4D35-ABE7-A16FE1744E58}.Debug|Any CPU.Build.0 = Debug|Any CPU
		{AB0B45F4-20AA-4D35-ABE7-A16FE1744E58}.Release|Any CPU.ActiveCfg = Release|Any CPU
		{AB0B45F4-20AA-4D35-ABE7-A16FE1744E58}.Release|Any CPU.Build.0 = Release|Any CPU
		{BA003316-423A-46E3-BC7C-E18BA820C299}.Debug|Any CPU.ActiveCfg = Debug|Any CPU
		{BA003316-423A-46E3-BC7C-E18BA820C299}.Debug|Any CPU.Build.0 = Debug|Any CPU
		{BA003316-423A-46E3-BC7C-E18BA820C299}.Release|Any CPU.ActiveCfg = Release|Any CPU
		{BA003316-423A-46E3-BC7C-E18BA820C299}.Release|Any CPU.Build.0 = Release|Any CPU
	EndGlobalSection
	GlobalSection(SolutionProperties) = preSolution
		HideSolutionNode = FALSE
	EndGlobalSection
	GlobalSection(ExtensibilityGlobals) = postSolution
		SolutionGuid = {BAC6A095-1B1F-42EF-9DBB-1DA55F83FDD8}
	EndGlobalSection
EndGlobal
